// !$*UTF8*$!
{
	archiveVersion = 1;
	classes = {
	};
	objectVersion = 50;
	objects = {

/* Begin PBXBuildFile section */
		642440BC2518249A0089D8FA /* AppDelegate.swift in Sources */ = {isa = PBXBuildFile; fileRef = 642440BB2518249A0089D8FA /* AppDelegate.swift */; };
		642440BE2518249A0089D8FA /* SceneDelegate.swift in Sources */ = {isa = PBXBuildFile; fileRef = 642440BD2518249A0089D8FA /* SceneDelegate.swift */; };
		642440C02518249A0089D8FA /* ContentView.swift in Sources */ = {isa = PBXBuildFile; fileRef = 642440BF2518249A0089D8FA /* ContentView.swift */; };
		642440C22518249E0089D8FA /* Assets.xcassets in Resources */ = {isa = PBXBuildFile; fileRef = 642440C12518249E0089D8FA /* Assets.xcassets */; };
		642440C52518249E0089D8FA /* Preview Assets.xcassets in Resources */ = {isa = PBXBuildFile; fileRef = 642440C42518249E0089D8FA /* Preview Assets.xcassets */; };
		642440C82518249E0089D8FA /* LaunchScreen.storyboard in Resources */ = {isa = PBXBuildFile; fileRef = 642440C62518249E0089D8FA /* LaunchScreen.storyboard */; };
		64267B49251A6DBF00F51508 /* SignUpView.swift in Sources */ = {isa = PBXBuildFile; fileRef = 64267B48251A6DBF00F51508 /* SignUpView.swift */; };
		64267B4C251A6E2900F51508 /* WelcomeView.swift in Sources */ = {isa = PBXBuildFile; fileRef = 64267B4B251A6E2900F51508 /* WelcomeView.swift */; };
		646799AC25197A22002B076A /* README.md in Resources */ = {isa = PBXBuildFile; fileRef = 646799AB25197A22002B076A /* README.md */; };
/* End PBXBuildFile section */

/* Begin PBXFileReference section */
		642440B82518249A0089D8FA /* SignUpDesign.app */ = {isa = PBXFileReference; explicitFileType = wrapper.application; includeInIndex = 0; path = SignUpDesign.app; sourceTree = BUILT_PRODUCTS_DIR; };
		642440BB2518249A0089D8FA /* AppDelegate.swift */ = {isa = PBXFileReference; lastKnownFileType = sourcecode.swift; path = AppDelegate.swift; sourceTree = "<group>"; };
		642440BD2518249A0089D8FA /* SceneDelegate.swift */ = {isa = PBXFileReference; lastKnownFileType = sourcecode.swift; path = SceneDelegate.swift; sourceTree = "<group>"; };
		642440BF2518249A0089D8FA /* ContentView.swift */ = {isa = PBXFileReference; lastKnownFileType = sourcecode.swift; path = ContentView.swift; sourceTree = "<group>"; };
		642440C12518249E0089D8FA /* Assets.xcassets */ = {isa = PBXFileReference; lastKnownFileType = folder.assetcatalog; path = Assets.xcassets; sourceTree = "<group>"; };
		642440C42518249E0089D8FA /* Preview Assets.xcassets */ = {isa = PBXFileReference; lastKnownFileType = folder.assetcatalog; path = "Preview Assets.xcassets"; sourceTree = "<group>"; };
		642440C72518249E0089D8FA /* Base */ = {isa = PBXFileReference; lastKnownFileType = file.storyboard; name = Base; path = Base.lproj/LaunchScreen.storyboard; sourceTree = "<group>"; };
		642440C92518249E0089D8FA /* Info.plist */ = {isa = PBXFileReference; lastKnownFileType = text.plist.xml; path = Info.plist; sourceTree = "<group>"; };
		64267B48251A6DBF00F51508 /* SignUpView.swift */ = {isa = PBXFileReference; lastKnownFileType = sourcecode.swift; path = SignUpView.swift; sourceTree = SOURCE_ROOT; };
		64267B4B251A6E2900F51508 /* WelcomeView.swift */ = {isa = PBXFileReference; lastKnownFileType = sourcecode.swift; name = WelcomeView.swift; path = SignUpDesign/WelcomeView.swift; sourceTree = SOURCE_ROOT; };
		646799AB25197A22002B076A /* README.md */ = {isa = PBXFileReference; lastKnownFileType = net.daringfireball.markdown; path = README.md; sourceTree = "<group>"; };
/* End PBXFileReference section */

/* Begin PBXFrameworksBuildPhase section */
		642440B52518249A0089D8FA /* Frameworks */ = {
			isa = PBXFrameworksBuildPhase;
			buildActionMask = 2147483647;
			files = (
			);
			runOnlyForDeploymentPostprocessing = 0;
		};
/* End PBXFrameworksBuildPhase section */

/* Begin PBXGroup section */
		642440AF2518249A0089D8FA = {
			isa = PBXGroup;
			children = (
				646799AB25197A22002B076A /* README.md */,
				642440BA2518249A0089D8FA /* SignUpDesign */,
				642440B92518249A0089D8FA /* Products */,
			);
			sourceTree = "<group>";
		};
		642440B92518249A0089D8FA /* Products */ = {
			isa = PBXGroup;
			children = (
				642440B82518249A0089D8FA /* SignUpDesign.app */,
			);
			name = Products;
			sourceTree = "<group>";
		};
		642440BA2518249A0089D8FA /* SignUpDesign */ = {
			isa = PBXGroup;
			children = (
				64267B47251A6D3D00F51508 /* Views */,
				642440BB2518249A0089D8FA /* AppDelegate.swift */,
				642440BD2518249A0089D8FA /* SceneDelegate.swift */,
				642440BF2518249A0089D8FA /* ContentView.swift */,
				642440C12518249E0089D8FA /* Assets.xcassets */,
				642440C62518249E0089D8FA /* LaunchScreen.storyboard */,
				642440C92518249E0089D8FA /* Info.plist */,
				642440C32518249E0089D8FA /* Preview Content */,
			);
			path = SignUpDesign;
			sourceTree = "<group>";
		};
		642440C32518249E0089D8FA /* Preview Content */ = {
			isa = PBXGroup;
			children = (
				642440C42518249E0089D8FA /* Preview Assets.xcassets */,
			);
			path = "Preview Content";
			sourceTree = "<group>";
		};
		64267B47251A6D3D00F51508 /* Views */ = {
			isa = PBXGroup;
			children = (
				64267B4B251A6E2900F51508 /* WelcomeView.swift */,
				64267B48251A6DBF00F51508 /* SignUpView.swift */,
			);
			path = Views;
			sourceTree = "<group>";
		};
/* End PBXGroup section */

/* Begin PBXNativeTarget section */
		642440B72518249A0089D8FA /* SignUpDesign */ = {
			isa = PBXNativeTarget;
			buildConfigurationList = 642440CC2518249F0089D8FA /* Build configuration list for PBXNativeTarget "SignUpDesign" */;
			buildPhases = (
				642440B42518249A0089D8FA /* Sources */,
				642440B52518249A0089D8FA /* Frameworks */,
				642440B62518249A0089D8FA /* Resources */,
			);
			buildRules = (
			);
			dependencies = (
			);
			name = SignUpDesign;
			productName = SignUpDesign;
			productReference = 642440B82518249A0089D8FA /* SignUpDesign.app */;
			productType = "com.apple.product-type.application";
		};
/* End PBXNativeTarget section */

/* Begin PBXProject section */
		642440B02518249A0089D8FA /* Project object */ = {
			isa = PBXProject;
			attributes = {
				LastSwiftUpdateCheck = 1200;
				LastUpgradeCheck = 1200;
				TargetAttributes = {
					642440B72518249A0089D8FA = {
						CreatedOnToolsVersion = 12.0;
					};
				};
			};
			buildConfigurationList = 642440B32518249A0089D8FA /* Build configuration list for PBXProject "SignUpDesign" */;
			compatibilityVersion = "Xcode 9.3";
			developmentRegion = en;
			hasScannedForEncodings = 0;
			knownRegions = (
				en,
				Base,
			);
			mainGroup = 642440AF2518249A0089D8FA;
			productRefGroup = 642440B92518249A0089D8FA /* Products */;
			projectDirPath = "";
			projectRoot = "";
			targets = (
				642440B72518249A0089D8FA /* SignUpDesign */,
			);
		};
/* End PBXProject section */

/* Begin PBXResourcesBuildPhase section */
		642440B62518249A0089D8FA /* Resources */ = {
			isa = PBXResourcesBuildPhase;
			buildActionMask = 2147483647;
			files = (
				642440C82518249E0089D8FA /* LaunchScreen.storyboard in Resources */,
				642440C52518249E0089D8FA /* Preview Assets.xcassets in Resources */,
				646799AC25197A22002B076A /* README.md in Resources */,
				642440C22518249E0089D8FA /* Assets.xcassets in Resources */,
			);
			runOnlyForDeploymentPostprocessing = 0;
		};
/* End PBXResourcesBuildPhase section */

/* Begin PBXSourcesBuildPhase section */
		642440B42518249A0089D8FA /* Sources */ = {
			isa = PBXSourcesBuildPhase;
			buildActionMask = 2147483647;
			files = (
				64267B4C251A6E2900F51508 /* WelcomeView.swift in Sources */,
				64267B49251A6DBF00F51508 /* SignUpView.swift in Sources */,
				642440BC2518249A0089D8FA /* AppDelegate.swift in Sources */,
				642440BE2518249A0089D8FA /* SceneDelegate.swift in Sources */,
				642440C02518249A0089D8FA /* ContentView.swift in Sources */,
			);
			runOnlyForDeploymentPostprocessing = 0;
		};
/* End PBXSourcesBuildPhase section */

/* Begin PBXVariantGroup section */
		642440C62518249E0089D8FA /* LaunchScreen.storyboard */ = {
			isa = PBXVariantGroup;
			children = (
				642440C72518249E0089D8FA /* Base */,
			);
			name = LaunchScreen.storyboard;
			sourceTree = "<group>";
		};
/* End PBXVariantGroup section */

/* Begin XCBuildConfiguration section */
		642440CA2518249E0089D8FA /* Debug */ = {
			isa = XCBuildConfiguration;
			buildSettings = {
				ALWAYS_SEARCH_USER_PATHS = NO;
				CLANG_ANALYZER_NONNULL = YES;
				CLANG_ANALYZER_NUMBER_OBJECT_CONVERSION = YES_AGGRESSIVE;
				CLANG_CXX_LANGUAGE_STANDARD = "gnu++14";
				CLANG_CXX_LIBRARY = "libc++";
				CLANG_ENABLE_MODULES = YES;
				CLANG_ENABLE_OBJC_ARC = YES;
				CLANG_ENABLE_OBJC_WEAK = YES;
				CLANG_WARN_BLOCK_CAPTURE_AUTORELEASING = YES;
				CLANG_WARN_BOOL_CONVERSION = YES;
				CLANG_WARN_COMMA = YES;
				CLANG_WARN_CONSTANT_CONVERSION = YES;
				CLANG_WARN_DEPRECATED_OBJC_IMPLEMENTATIONS = YES;
				CLANG_WARN_DIRECT_OBJC_ISA_USAGE = YES_ERROR;
				CLANG_WARN_DOCUMENTATION_COMMENTS = YES;
				CLANG_WARN_EMPTY_BODY = YES;
				CLANG_WARN_ENUM_CONVERSION = YES;
				CLANG_WARN_INFINITE_RECURSION = YES;
				CLANG_WARN_INT_CONVERSION = YES;
				CLANG_WARN_NON_LITERAL_NULL_CONVERSION = YES;
				CLANG_WARN_OBJC_IMPLICIT_RETAIN_SELF = YES;
				CLANG_WARN_OBJC_LITERAL_CONVERSION = YES;
				CLANG_WARN_OBJC_ROOT_CLASS = YES_ERROR;
				CLANG_WARN_QUOTED_INCLUDE_IN_FRAMEWORK_HEADER = YES;
				CLANG_WARN_RANGE_LOOP_ANALYSIS = YES;
				CLANG_WARN_STRICT_PROTOTYPES = YES;
				CLANG_WARN_SUSPICIOUS_MOVE = YES;
				CLANG_WARN_UNGUARDED_AVAILABILITY = YES_AGGRESSIVE;
				CLANG_WARN_UNREACHABLE_CODE = YES;
				CLANG_WARN__DUPLICATE_METHOD_MATCH = YES;
				COPY_PHASE_STRIP = NO;
				DEBUG_INFORMATION_FORMAT = dwarf;
				ENABLE_STRICT_OBJC_MSGSEND = YES;
				ENABLE_TESTABILITY = YES;
				GCC_C_LANGUAGE_STANDARD = gnu11;
				GCC_DYNAMIC_NO_PIC = NO;
				GCC_NO_COMMON_BLOCKS = YES;
				GCC_OPTIMIZATION_LEVEL = 0;
				GCC_PREPROCESSOR_DEFINITIONS = (
					"DEBUG=1",
					"$(inherited)",
				);
				GCC_WARN_64_TO_32_BIT_CONVERSION = YES;
				GCC_WARN_ABOUT_RETURN_TYPE = YES_ERROR;
				GCC_WARN_UNDECLARED_SELECTOR = YES;
				GCC_WARN_UNINITIALIZED_AUTOS = YES_AGGRESSIVE;
				GCC_WARN_UNUSED_FUNCTION = YES;
				GCC_WARN_UNUSED_VARIABLE = YES;
				IPHONEOS_DEPLOYMENT_TARGET = 14.0;
				MTL_ENABLE_DEBUG_INFO = INCLUDE_SOURCE;
				MTL_FAST_MATH = YES;
				ONLY_ACTIVE_ARCH = YES;
				SDKROOT = iphoneos;
				SWIFT_ACTIVE_COMPILATION_CONDITIONS = DEBUG;
				SWIFT_OPTIMIZATION_LEVEL = "-Onone";
			};
			name = Debug;
		};
		642440CB2518249E0089D8FA /* Release */ = {
			isa = XCBuildConfiguration;
			buildSettings = {
				ALWAYS_SEARCH_USER_PATHS = NO;
				CLANG_ANALYZER_NONNULL = YES;
				CLANG_ANALYZER_NUMBER_OBJECT_CONVERSION = YES_AGGRESSIVE;
				CLANG_CXX_LANGUAGE_STANDARD = "gnu++14";
				CLANG_CXX_LIBRARY = "libc++";
				CLANG_ENABLE_MODULES = YES;
				CLANG_ENABLE_OBJC_ARC = YES;
				CLANG_ENABLE_OBJC_WEAK = YES;
				CLANG_WARN_BLOCK_CAPTURE_AUTORELEASING = YES;
				CLANG_WARN_BOOL_CONVERSION = YES;
				CLANG_WARN_COMMA = YES;
				CLANG_WARN_CONSTANT_CONVERSION = YES;
				CLANG_WARN_DEPRECATED_OBJC_IMPLEMENTATIONS = YES;
				CLANG_WARN_DIRECT_OBJC_ISA_USAGE = YES_ERROR;
				CLANG_WARN_DOCUMENTATION_COMMENTS = YES;
				CLANG_WARN_EMPTY_BODY = YES;
				CLANG_WARN_ENUM_CONVERSION = YES;
				CLANG_WARN_INFINITE_RECURSION = YES;
				CLANG_WARN_INT_CONVERSION = YES;
				CLANG_WARN_NON_LITERAL_NULL_CONVERSION = YES;
				CLANG_WARN_OBJC_IMPLICIT_RETAIN_SELF = YES;
				CLANG_WARN_OBJC_LITERAL_CONVERSION = YES;
				CLANG_WARN_OBJC_ROOT_CLASS = YES_ERROR;
				CLANG_WARN_QUOTED_INCLUDE_IN_FRAMEWORK_HEADER = YES;
				CLANG_WARN_RANGE_LOOP_ANALYSIS = YES;
				CLANG_WARN_STRICT_PROTOTYPES = YES;
				CLANG_WARN_SUSPICIOUS_MOVE = YES;
				CLANG_WARN_UNGUARDED_AVAILABILITY = YES_AGGRESSIVE;
				CLANG_WARN_UNREACHABLE_CODE = YES;
				CLANG_WARN__DUPLICATE_METHOD_MATCH = YES;
				COPY_PHASE_STRIP = NO;
				DEBUG_INFORMATION_FORMAT = "dwarf-with-dsym";
				ENABLE_NS_ASSERTIONS = NO;
				ENABLE_STRICT_OBJC_MSGSEND = YES;
				GCC_C_LANGUAGE_STANDARD = gnu11;
				GCC_NO_COMMON_BLOCKS = YES;
				GCC_WARN_64_TO_32_BIT_CONVERSION = YES;
				GCC_WARN_ABOUT_RETURN_TYPE = YES_ERROR;
				GCC_WARN_UNDECLARED_SELECTOR = YES;
				GCC_WARN_UNINITIALIZED_AUTOS = YES_AGGRESSIVE;
				GCC_WARN_UNUSED_FUNCTION = YES;
				GCC_WARN_UNUSED_VARIABLE = YES;
				IPHONEOS_DEPLOYMENT_TARGET = 14.0;
				MTL_ENABLE_DEBUG_INFO = NO;
				MTL_FAST_MATH = YES;
				SDKROOT = iphoneos;
				SWIFT_COMPILATION_MODE = wholemodule;
				SWIFT_OPTIMIZATION_LEVEL = "-O";
				VALIDATE_PRODUCT = YES;
			};
			name = Release;
		};
		642440CD2518249F0089D8FA /* Debug */ = {
			isa = XCBuildConfiguration;
			buildSettings = {
				ASSETCATALOG_COMPILER_APPICON_NAME = AppIcon;
				ASSETCATALOG_COMPILER_GLOBAL_ACCENT_COLOR_NAME = AccentColor;
				CODE_SIGN_STYLE = Automatic;
				DEVELOPMENT_ASSET_PATHS = "\"SignUpDesign/Preview Content\"";
				ENABLE_PREVIEWS = YES;
				INFOPLIST_FILE = SignUpDesign/Info.plist;
				LD_RUNPATH_SEARCH_PATHS = (
					"$(inherited)",
					"@executable_path/Frameworks",
				);
				PRODUCT_BUNDLE_IDENTIFIER = io.github.rphlfc.SignUpDesign;
				PRODUCT_NAME = "$(TARGET_NAME)";
				SWIFT_VERSION = 5.0;
				TARGETED_DEVICE_FAMILY = "1,2";
			};
			name = Debug;
		};
		642440CE2518249F0089D8FA /* Release */ = {
			isa = XCBuildConfiguration;
			buildSettings = {
				ASSETCATALOG_COMPILER_APPICON_NAME = AppIcon;
				ASSETCATALOG_COMPILER_GLOBAL_ACCENT_COLOR_NAME = AccentColor;
				CODE_SIGN_STYLE = Automatic;
				DEVELOPMENT_ASSET_PATHS = "\"SignUpDesign/Preview Content\"";
				ENABLE_PREVIEWS = YES;
				INFOPLIST_FILE = SignUpDesign/Info.plist;
				LD_RUNPATH_SEARCH_PATHS = (
					"$(inherited)",
					"@executable_path/Frameworks",
				);
				PRODUCT_BUNDLE_IDENTIFIER = io.github.rphlfc.SignUpDesign;
				PRODUCT_NAME = "$(TARGET_NAME)";
				SWIFT_VERSION = 5.0;
				TARGETED_DEVICE_FAMILY = "1,2";
			};
			name = Release;
		};
/* End XCBuildConfiguration section */

/* Begin XCConfigurationList section */
		642440B32518249A0089D8FA /* Build configuration list for PBXProject "SignUpDesign" */ = {
			isa = XCConfigurationList;
			buildConfigurations = (
				642440CA2518249E0089D8FA /* Debug */,
				642440CB2518249E0089D8FA /* Release */,
			);
			defaultConfigurationIsVisible = 0;
			defaultConfigurationName = Release;
		};
		642440CC2518249F0089D8FA /* Build configuration list for PBXNativeTarget "SignUpDesign" */ = {
			isa = XCConfigurationList;
			buildConfigurations = (
				642440CD2518249F0089D8FA /* Debug */,
				642440CE2518249F0089D8FA /* Release */,
			);
			defaultConfigurationIsVisible = 0;
			defaultConfigurationName = Release;
		};
/* End XCConfigurationList section */
	};
	rootObject = 642440B02518249A0089D8FA /* Project object */;
}
